
Microsoft Visual Studio Solution File, Format Version 12.00
# Visual Studio 2012
Project("{FAE04EC0-301F-11D3-BF4B-00C04F79EFBC}") = "Google.DataTable.Net.Wrapper", "Google.DataTable.Net.Wrapper\Google.DataTable.Net.Wrapper.csproj", "{659D40F8-812A-4053-86FD-B6D7F99E43C2}"
EndProject
Project("{FAE04EC0-301F-11D3-BF4B-00C04F79EFBC}") = "Google.DataTable.Net.Wrapper.Tests", "Google.DataTable.Net.Wrapper.Tests\Google.DataTable.Net.Wrapper.Tests.csproj", "{E5E757D8-1031-498A-BB5F-512606A11472}"
EndProject
Global
	GlobalSection(SolutionConfigurationPlatforms) = preSolution
		Debug|Any CPU = Debug|Any CPU
		Release|Any CPU = Release|Any CPU
	EndGlobalSection
	GlobalSection(ProjectConfigurationPlatforms) = postSolution
		{659D40F8-812A-4053-86FD-B6D7F99E43C2}.Debug|Any CPU.ActiveCfg = Debug|Any CPU
		{659D40F8-812A-4053-86FD-B6D7F99E43C2}.Debug|Any CPU.Build.0 = Debug|Any CPU
		{659D40F8-812A-4053-86FD-B6D7F99E43C2}.Release|Any CPU.ActiveCfg = Release|Any CPU
		{659D40F8-812A-4053-86FD-B6D7F99E43C2}.Release|Any CPU.Build.0 = Release|Any CPU
		{E5E757D8-1031-498A-BB5F-512606A11472}.Debug|Any CPU.ActiveCfg = Debug|Any CPU
		{E5E757D8-1031-498A-BB5F-512606A11472}.Debug|Any CPU.Build.0 = Debug|Any CPU
		{E5E757D8-1031-498A-BB5F-512606A11472}.Release|Any CPU.ActiveCfg = Release|Any CPU
		{E5E757D8-1031-498A-BB5F-512606A11472}.Release|Any CPU.Build.0 = Release|Any CPU
	EndGlobalSection
	GlobalSection(SolutionProperties) = preSolution
		HideSolutionNode = FALSE
	EndGlobalSection
EndGlobal
