
Microsoft Visual Studio Solution File, Format Version 12.00
# Visual Studio 15
VisualStudioVersion = 15.0.28010.2003
MinimumVisualStudioVersion = 10.0.40219.1
Project("{9A19103F-16F7-4668-BE54-9A1E7A4F7556}") = "Google.DataTable.Net.Wrapper", "Google.DataTable.Net.Wrapper\Google.DataTable.Net.Wrapper.csproj", "{7AD9CCF6-0087-4878-864C-4A787A406244}"
EndProject
Project("{FAE04EC0-301F-11D3-BF4B-00C04F79EFBC}") = "Google.DataTable.Net.Wrapper.Tests", "Google.DataTable.Net.Wrapper.Tests\Google.DataTable.Net.Wrapper.Tests.csproj", "{8F9FD6B9-ACEF-4CEB-BA24-3579349E9B40}"
EndProject
Global
	GlobalSection(SolutionConfigurationPlatforms) = preSolution
		Debug|Any CPU = Debug|Any CPU
		Release|Any CPU = Release|Any CPU
	EndGlobalSection
	GlobalSection(ProjectConfigurationPlatforms) = postSolution
		{7AD9CCF6-0087-4878-864C-4A787A406244}.Debug|Any CPU.ActiveCfg = Debug|Any CPU
		{7AD9CCF6-0087-4878-864C-4A787A406244}.Debug|Any CPU.Build.0 = Debug|Any CPU
		{7AD9CCF6-0087-4878-864C-4A787A406244}.Release|Any CPU.ActiveCfg = Release|Any CPU
		{7AD9CCF6-0087-4878-864C-4A787A406244}.Release|Any CPU.Build.0 = Release|Any CPU
		{8F9FD6B9-ACEF-4CEB-BA24-3579349E9B40}.Debug|Any CPU.ActiveCfg = Debug|Any CPU
		{8F9FD6B9-ACEF-4CEB-BA24-3579349E9B40}.Debug|Any CPU.Build.0 = Debug|Any CPU
		{8F9FD6B9-ACEF-4CEB-BA24-3579349E9B40}.Release|Any CPU.ActiveCfg = Release|Any CPU
		{8F9FD6B9-ACEF-4CEB-BA24-3579349E9B40}.Release|Any CPU.Build.0 = Release|Any CPU
	EndGlobalSection
	GlobalSection(SolutionProperties) = preSolution
		HideSolutionNode = FALSE
	EndGlobalSection
	GlobalSection(ExtensibilityGlobals) = postSolution
		SolutionGuid = {D584A44C-5725-4749-87E2-28CC05EDDEF3}
	EndGlobalSection
EndGlobal
